{
  "name": "Fantasistudio",
  "lockfileVersion": 3,
  "requires": true,
  "packages": {
    "": {
      "dependencies": {
        "@netlify/plugin-contentful-buildtime": "^0.0.1"
      }
    },
    "node_modules/@netlify/plugin-contentful-buildtime": {
      "version": "0.0.1",
      "resolved": "https://registry.npmjs.org/@netlify/plugin-contentful-buildtime/-/plugin-contentful-buildtime-0.0.1.tgz",
      "integrity": "sha512-UBHj5zoUta9A1WU9khjl5osBxNJ6IgYHNRvOIHFKhBYFBZ6DZ/Ni7ZSNLZIptGfBv0goLv97ooVMIYxocFHMXA=="
    }
  }
}
